Microsoft Visual Studio Solution File, Format Version 12.00
# Visual Studio Version 17
VisualStudioVersion = 17.8.34408.163
MinimumVisualStudioVersion = 10.0.40219.1
Project("{FAE04EC0-301F-11D3-BF4B-00C04F79EFBC}") = "Azure Cracked", "Azure Cracked.csproj", "{03CD947B-AAF3-435D-A299-48F503324DCE}"
EndProject
Global
	GlobalSection(SolutionConfigurationPlatforms) = preSolution
		Debug|Any CPU = Debug|Any CPU
		Debug|x64 = Debug|x64
		Release|Any CPU = Release|Any CPU
		Release|x64 = Release|x64
	EndGlobalSection
	GlobalSection(ProjectConfigurationPlatforms) = postSolution
		{03CD947B-AAF3-435D-A299-48F503324DCE}.Debug|Any CPU.ActiveCfg = Debug|Any CPU
		{03CD947B-AAF3-435D-A299-48F503324DCE}.Debug|Any CPU.Build.0 = Debug|Any CPU
		{03CD947B-AAF3-435D-A299-48F503324DCE}.Debug|x64.ActiveCfg = Debug|x64
		{03CD947B-AAF3-435D-A299-48F503324DCE}.Debug|x64.Build.0 = Debug|x64
		{03CD947B-AAF3-435D-A299-48F503324DCE}.Release|Any CPU.ActiveCfg = Release|Any CPU
		{03CD947B-AAF3-435D-A299-48F503324DCE}.Release|Any CPU.Build.0 = Release|Any CPU
		{03CD947B-AAF3-435D-A299-48F503324DCE}.Release|x64.ActiveCfg = Release|x64
		{03CD947B-AAF3-435D-A299-48F503324DCE}.Release|x64.Build.0 = Release|x64
	EndGlobalSection
	GlobalSection(SolutionProperties) = preSolution
		HideSolutionNode = FALSE
	EndGlobalSection
	GlobalSection(ExtensibilityGlobals) = postSolution
		SolutionGuid = {BD2FD26C-3EFA-488C-A2B5-73E764039766}
	EndGlobalSection
EndGlobal
